<?xml version="1.0" encoding="utf-8"?>
<Project ToolsVersion="4.0" xmlns="http://schemas.microsoft.com/developer/msbuild/2003">
  <ItemGroup>
    <Filter Include="Source Files">
      <UniqueIdentifier>{4FC737F1-C7A5-4376-A066-2A32D752A2FF}</UniqueIdentifier>
      <Extensions>cpp;c;cc;cxx;c++;cppm;ixx;def;odl;idl;hpj;bat;asm;asmx</Extensions>
    </Filter>
    <Filter Include="Header Files">
      <UniqueIdentifier>{93995380-89BD-4b04-88EB-625FBE52EBFB}</UniqueIdentifier>
      <Extensions>h;hh;hpp;hxx;h++;hm;inl;inc;ipp;xsd</Extensions>
    </Filter>
    <Filter Include="Resource Files">
      <UniqueIdentifier>{67DA6AB6-F800-4c08-8B7A-83BB121AAD01}</UniqueIdentifier>
      <Extensions>rc;ico;cur;bmp;dlg;rc2;rct;bin;rgs;gif;jpg;jpeg;jpe;resx;tiff;tif;png;wav;mfcribbon-ms</Extensions>
    </Filter>
  </ItemGroup>
  <ItemGroup>
    <ClCompile Include="airdp.cpp">
      <Filter>Source Files</Filter>
    </ClCompile>
    <ClCompile Include="server.cpp">
      <Filter>Source Files</Filter>
    </ClCompile>
  </ItemGroup>
  <ItemGroup>
    <ClInclude Include="crow.h">
      <Filter>Header Files</Filter>
    </ClInclude>
    <ClInclude Include="crow\app.h">
      <Filter>Header Files</Filter>
    </ClInclude>
    <ClInclude Include="crow\ci_map.h">
      <Filter>Header Files</Filter>
    </ClInclude>
    <ClInclude Include="crow\common.h">
      <Filter>Header Files</Filter>
    </ClInclude>
    <ClInclude Include="crow\compression.h">
      <Filter>Header Files</Filter>
    </ClInclude>
    <ClInclude Include="crow\exceptions.h">
      <Filter>Header Files</Filter>
    </ClInclude>
    <ClInclude Include="crow\http_connection.h">
      <Filter>Header Files</Filter>
    </ClInclude>
    <ClInclude Include="crow\http_parser_merged.h">
      <Filter>Header Files</Filter>
    </ClInclude>
    <ClInclude Include="crow\http_request.h">
      <Filter>Header Files</Filter>
    </ClInclude>
    <ClInclude Include="crow\http_response.h">
      <Filter>Header Files</Filter>
    </ClInclude>
    <ClInclude Include="crow\http_server.h">
      <Filter>Header Files</Filter>
    </ClInclude>
    <ClInclude Include="crow\json.h">
      <Filter>Header Files</Filter>
    </ClInclude>
    <ClInclude Include="crow\logging.h">
      <Filter>Header Files</Filter>
    </ClInclude>
    <ClInclude Include="crow\middleware.h">
      <Filter>Header Files</Filter>
    </ClInclude>
    <ClInclude Include="crow\middleware_context.h">
      <Filter>Header Files</Filter>
    </ClInclude>
    <ClInclude Include="crow\mime_types.h">
      <Filter>Header Files</Filter>
    </ClInclude>
    <ClInclude Include="crow\multipart.h">
      <Filter>Header Files</Filter>
    </ClInclude>
    <ClInclude Include="crow\multipart_view.h">
      <Filter>Header Files</Filter>
    </ClInclude>
    <ClInclude Include="crow\mustache.h">
      <Filter>Header Files</Filter>
    </ClInclude>
    <ClInclude Include="crow\parser.h">
      <Filter>Header Files</Filter>
    </ClInclude>
    <ClInclude Include="crow\query_string.h">
      <Filter>Header Files</Filter>
    </ClInclude>
    <ClInclude Include="crow\returnable.h">
      <Filter>Header Files</Filter>
    </ClInclude>
    <ClInclude Include="crow\routing.h">
      <Filter>Header Files</Filter>
    </ClInclude>
    <ClInclude Include="crow\settings.h">
      <Filter>Header Files</Filter>
    </ClInclude>
    <ClInclude Include="crow\socket_acceptors.h">
      <Filter>Header Files</Filter>
    </ClInclude>
    <ClInclude Include="crow\socket_adaptors.h">
      <Filter>Header Files</Filter>
    </ClInclude>
    <ClInclude Include="crow\task_timer.h">
      <Filter>Header Files</Filter>
    </ClInclude>
    <ClInclude Include="crow\TinySHA1.hpp">
      <Filter>Header Files</Filter>
    </ClInclude>
    <ClInclude Include="crow\utility.h">
      <Filter>Header Files</Filter>
    </ClInclude>
    <ClInclude Include="crow\version.h">
      <Filter>Header Files</Filter>
    </ClInclude>
    <ClInclude Include="crow\websocket.h">
      <Filter>Header Files</Filter>
    </ClInclude>
    <ClInclude Include="crow\middlewares\cookie_parser.h">
      <Filter>Header Files</Filter>
    </ClInclude>
    <ClInclude Include="crow\middlewares\cors.h">
      <Filter>Header Files</Filter>
    </ClInclude>
    <ClInclude Include="crow\middlewares\session.h">
      <Filter>Header Files</Filter>
    </ClInclude>
    <ClInclude Include="crow\middlewares\utf-8.h">
      <Filter>Header Files</Filter>
    </ClInclude>
    <ClInclude Include="airdb.h">
      <Filter>Header Files</Filter>
    </ClInclude>
  </ItemGroup>
  <ItemGroup>
    <None Include="..\..\..\..\..\..\Dev\capstone\routes.dat">
      <Filter>Resource Files</Filter>
    </None>
    <None Include="..\..\..\..\..\..\Dev\capstone\airlines.dat">
      <Filter>Resource Files</Filter>
    </None>
    <None Include="..\..\..\..\..\..\Dev\capstone\airports.dat">
      <Filter>Resource Files</Filter>
    </None>
    <None Include="style.css">
      <Filter>Source Files</Filter>
    </None>
    <None Include="app.js">
      <Filter>Source Files</Filter>
    </None>
    <None Include="index.html">
      <Filter>Source Files</Filter>
    </None>
  </ItemGroup>
</Project>